
Microsoft Visual Studio Solution File, Format Version 12.00
# Visual Studio Version 17
VisualStudioVersion = 17.7.34221.43
MinimumVisualStudioVersion = 10.0.40219.1
Project("{9A19103F-16F7-4668-BE54-9A1E7A4F7556}") = "CsvSerializer", "CsvSerializer\CsvSerializer.csproj", "{580B2E33-309C-4E25-8BF4-E2D4BEABD54C}"
EndProject
Project("{9A19103F-16F7-4668-BE54-9A1E7A4F7556}") = "Tests", "Tests\Tests.csproj", "{D0FC3C06-7379-4CAA-B284-E431094F6BE6}"
EndProject
Project("{9A19103F-16F7-4668-BE54-9A1E7A4F7556}") = "Benchmarks", "Benchmarks\Benchmarks.csproj", "{F64C975D-6C3D-418C-8F4E-62EE507CCC73}"
EndProject
Project("{2150E333-8FDC-42A3-9474-1A3956D46DE8}") = "Solution Items", "Solution Items", "{BF25372C-CDD9-4AA0-B4E8-570A90FB3ECD}"
	ProjectSection(SolutionItems) = preProject
		.editorconfig = .editorconfig
		.gitignore = .gitignore
		README.md = README.md
	EndProjectSection
EndProject
Global
	GlobalSection(SolutionConfigurationPlatforms) = preSolution
		Debug|Any CPU = Debug|Any CPU
		Release|Any CPU = Release|Any CPU
	EndGlobalSection
	GlobalSection(ProjectConfigurationPlatforms) = postSolution
		{580B2E33-309C-4E25-8BF4-E2D4BEABD54C}.Debug|Any CPU.ActiveCfg = Debug|Any CPU
		{580B2E33-309C-4E25-8BF4-E2D4BEABD54C}.Debug|Any CPU.Build.0 = Debug|Any CPU
		{580B2E33-309C-4E25-8BF4-E2D4BEABD54C}.Release|Any CPU.ActiveCfg = Release|Any CPU
		{580B2E33-309C-4E25-8BF4-E2D4BEABD54C}.Release|Any CPU.Build.0 = Release|Any CPU
		{D0FC3C06-7379-4CAA-B284-E431094F6BE6}.Debug|Any CPU.ActiveCfg = Debug|Any CPU
		{D0FC3C06-7379-4CAA-B284-E431094F6BE6}.Debug|Any CPU.Build.0 = Debug|Any CPU
		{D0FC3C06-7379-4CAA-B284-E431094F6BE6}.Release|Any CPU.ActiveCfg = Release|Any CPU
		{D0FC3C06-7379-4CAA-B284-E431094F6BE6}.Release|Any CPU.Build.0 = Release|Any CPU
		{F64C975D-6C3D-418C-8F4E-62EE507CCC73}.Debug|Any CPU.ActiveCfg = Debug|Any CPU
		{F64C975D-6C3D-418C-8F4E-62EE507CCC73}.Debug|Any CPU.Build.0 = Debug|Any CPU
		{F64C975D-6C3D-418C-8F4E-62EE507CCC73}.Release|Any CPU.ActiveCfg = Release|Any CPU
		{F64C975D-6C3D-418C-8F4E-62EE507CCC73}.Release|Any CPU.Build.0 = Release|Any CPU
	EndGlobalSection
	GlobalSection(SolutionProperties) = preSolution
		HideSolutionNode = FALSE
	EndGlobalSection
	GlobalSection(ExtensibilityGlobals) = postSolution
		SolutionGuid = {9AF539A4-6B4F-4E40-A104-053CAE9FD38C}
	EndGlobalSection
EndGlobal
